<Solution>
  <Project Path="Day1-Puzzle1/Day1-Puzzle1.csproj" />
  <Project Path="Day1-Puzzle2/Day1-Puzzle2.csproj" />
  <Project Path="Day2-Puzzle1/Day2-Puzzle1.csproj" Id="4b9f15e9-b8d7-4fba-b8ed-70c68c41e88b" />
  <Project Path="Day2-Puzzle2/Day2-Puzzle2.csproj" />
  <Project Path="Day3-Puzzle1/Day3-Puzzle1.csproj" Id="da861687-d93a-4223-aa15-3766623ea7ed" />
  <Project Path="Day3-Puzzle2/Day3-Puzzle2.csproj" Id="7a15e8f7-4412-4770-ad8e-4e72b36fa4f7" />
  <Project Path="Day4-Puzzle1/Day4-Puzzle1.csproj" Id="6f18151f-314a-415e-8fef-894539feb7ac" />
  <Project Path="Day4-Puzzle2/Day4-Puzzle2.csproj" Id="fcd7657b-5fd3-400e-9579-6fdee49c6efc" />
  <Project Path="Day5-Puzzle1/Day5-Puzzle1.csproj" Id="bf3c30c2-f5b4-454e-9b76-33f5c96b5662" />
  <Project Path="Day5-Puzzle2/Day5-Puzzle2.csproj" Id="24e874f2-b7f1-4e69-9e89-8e371d0ce379" />
  <Project Path="Day6-Puzzle1/Day6-Puzzle1.csproj" Id="4f25ae7b-9b25-4df7-8131-ce775fa7f8cb" />
  <Project Path="Day6-Puzzle2/Day6-Puzzle2.csproj" Id="7a2c2fbf-39cc-41a0-938e-88f3e3b3ba65" />
  <Project Path="Day7-Puzzle1/Day7-Puzzle1.csproj" Id="ae40b1c7-bf54-49a1-a804-f11d453c917e" />
  <Project Path="Day7-Puzzle2/Day7-Puzzle2.csproj" Id="61ed5f7a-2785-4645-bb1f-5892388b0a52" />
  <Project Path="Day8-Puzzle1/Day8-Puzzle1.csproj" Id="846f3c34-ef71-4193-868c-d47a43762c1f" />
  <Project Path="Day8-Puzzle2/Day8-Puzzle2.csproj" Id="5bdbc439-16d9-4bd0-ab44-d0f31e4cca45" />
</Solution>
